<?xml version="1.0" encoding="utf-8"?>
<Project ToolsVersion="4.0" xmlns="http://schemas.microsoft.com/developer/msbuild/2003">
  <ItemGroup>
    <Filter Include="Intro">
      <UniqueIdentifier>{314B660D-9D5F-8EBE-66E1-311ED2B48AEF}</UniqueIdentifier>
    </Filter>
    <Filter Include="Intro\Assert">
      <UniqueIdentifier>{B2F08F82-9E53-1F27-47D9-57DD331BEBA9}</UniqueIdentifier>
    </Filter>
    <Filter Include="Intro\ECS">
      <UniqueIdentifier>{FB6F25A1-67DA-D917-B018-8BBD1CC2B76C}</UniqueIdentifier>
    </Filter>
    <Filter Include="Intro\Events">
      <UniqueIdentifier>{F555138C-E1B8-A230-8A3E-DBE676806EB3}</UniqueIdentifier>
    </Filter>
    <Filter Include="Intro\ImGui">
      <UniqueIdentifier>{1BA1A080-8756-1976-104B-134D7CFF0F7A}</UniqueIdentifier>
    </Filter>
    <Filter Include="Intro\Math">
      <UniqueIdentifier>{AA56D8C5-960E-1A13-FF15-F36EEBECB403}</UniqueIdentifier>
    </Filter>
    <Filter Include="Intro\Renderer">
      <UniqueIdentifier>{F7B53BD5-E383-2FDB-CC17-A001B8840B40}</UniqueIdentifier>
    </Filter>
    <Filter Include="Platform">
      <UniqueIdentifier>{2AC788B4-1694-E3BF-3FAD-D1672BD9184E}</UniqueIdentifier>
    </Filter>
    <Filter Include="Platform\OpenGL">
      <UniqueIdentifier>{1E7D2C1D-8A08-9AE1-9319-1DD6FF23F6E1}</UniqueIdentifier>
    </Filter>
    <Filter Include="Platform\Windows">
      <UniqueIdentifier>{64FBD71A-50F4-F66C-7926-DCF1657ED678}</UniqueIdentifier>
    </Filter>
  </ItemGroup>
  <ItemGroup>
    <ClInclude Include="src\Intro.h" />
    <ClInclude Include="src\Intro\Application.h">
      <Filter>Intro</Filter>
    </ClInclude>
    <ClInclude Include="src\Intro\Assert\Model.h">
      <Filter>Intro\Assert</Filter>
    </ClInclude>
    <ClInclude Include="src\Intro\Core.h">
      <Filter>Intro</Filter>
    </ClInclude>
    <ClInclude Include="src\Intro\ECS\Components.h">
      <Filter>Intro\ECS</Filter>
    </ClInclude>
    <ClInclude Include="src\Intro\ECS\ECS.h">
      <Filter>Intro\ECS</Filter>
    </ClInclude>
    <ClInclude Include="src\Intro\ECS\Scene.h">
      <Filter>Intro\ECS</Filter>
    </ClInclude>
    <ClInclude Include="src\Intro\ECS\SceneManager.h">
      <Filter>Intro\ECS</Filter>
    </ClInclude>
    <ClInclude Include="src\Intro\ECS\System.h">
      <Filter>Intro\ECS</Filter>
    </ClInclude>
    <ClInclude Include="src\Intro\EntryPoint.h">
      <Filter>Intro</Filter>
    </ClInclude>
    <ClInclude Include="src\Intro\Events\ApplicationEvent.h">
      <Filter>Intro\Events</Filter>
    </ClInclude>
    <ClInclude Include="src\Intro\Events\Event.h">
      <Filter>Intro\Events</Filter>
    </ClInclude>
    <ClInclude Include="src\Intro\Events\KeyEvent.h">
      <Filter>Intro\Events</Filter>
    </ClInclude>
    <ClInclude Include="src\Intro\Events\MouseEvent.h">
      <Filter>Intro\Events</Filter>
    </ClInclude>
    <ClInclude Include="src\Intro\ImGui\ImGuiLayer.h">
      <Filter>Intro\ImGui</Filter>
    </ClInclude>
    <ClInclude Include="src\Intro\Input.h">
      <Filter>Intro</Filter>
    </ClInclude>
    <ClInclude Include="src\Intro\KeyCodes.h">
      <Filter>Intro</Filter>
    </ClInclude>
    <ClInclude Include="src\Intro\Layer.h">
      <Filter>Intro</Filter>
    </ClInclude>
    <ClInclude Include="src\Intro\LayerStack.h">
      <Filter>Intro</Filter>
    </ClInclude>
    <ClInclude Include="src\Intro\Log.h">
      <Filter>Intro</Filter>
    </ClInclude>
    <ClInclude Include="src\Intro\Math\Transform.h">
      <Filter>Intro\Math</Filter>
    </ClInclude>
    <ClInclude Include="src\Intro\MouseButtonCodes.h">
      <Filter>Intro</Filter>
    </ClInclude>
    <ClInclude Include="src\Intro\Renderer\Camears\Camera.h">
      <Filter>Intro\Renderer</Filter>
    </ClInclude>
    <ClInclude Include="src\Intro\Renderer\Mesh.h">
      <Filter>Intro\Renderer</Filter>
    </ClInclude>
    <ClInclude Include="src\Intro\Renderer\RenderCommand.h">
      <Filter>Intro\Renderer</Filter>
    </ClInclude>
    <ClInclude Include="src\Intro\Renderer\RendererLayer.h">
      <Filter>Intro\Renderer</Filter>
    </ClInclude>
    <ClInclude Include="src\Intro\Renderer\Shader.h">
      <Filter>Intro\Renderer</Filter>
    </ClInclude>
    <ClInclude Include="src\Intro\Renderer\ShapeGenerator.h">
      <Filter>Intro\Renderer</Filter>
    </ClInclude>
    <ClInclude Include="src\Intro\Renderer\Texture.h">
      <Filter>Intro\Renderer</Filter>
    </ClInclude>
    <ClInclude Include="src\Intro\Renderer\Vertex.h">
      <Filter>Intro\Renderer</Filter>
    </ClInclude>
    <ClInclude Include="src\Intro\Window.h">
      <Filter>Intro</Filter>
    </ClInclude>
    <ClInclude Include="src\Platform\OpenGL\ImGuiOpenGLRenderer.h">
      <Filter>Platform\OpenGL</Filter>
    </ClInclude>
    <ClInclude Include="src\Platform\Windows\WindowsInput.h">
      <Filter>Platform\Windows</Filter>
    </ClInclude>
    <ClInclude Include="src\Platform\Windows\WindowsWindow.h">
      <Filter>Platform\Windows</Filter>
    </ClInclude>
    <ClInclude Include="src\itrpch.h" />
    <ClInclude Include="src\Intro\Renderer\Camears\FreeCamera.h" />
    <ClInclude Include="src\Intro\Renderer\Camears\OrbitCamera.h" />
  </ItemGroup>
  <ItemGroup>
    <ClCompile Include="src\Intro\Application.cpp">
      <Filter>Intro</Filter>
    </ClCompile>
    <ClCompile Include="src\Intro\Assert\Model.cpp">
      <Filter>Intro\Assert</Filter>
    </ClCompile>
    <ClCompile Include="src\Intro\ECS\SceneManager.cpp">
      <Filter>Intro\ECS</Filter>
    </ClCompile>
    <ClCompile Include="src\Intro\ImGui\ImGuiLayer.cpp">
      <Filter>Intro\ImGui</Filter>
    </ClCompile>
    <ClCompile Include="src\Intro\Layer.cpp">
      <Filter>Intro</Filter>
    </ClCompile>
    <ClCompile Include="src\Intro\LayerStack.cpp">
      <Filter>Intro</Filter>
    </ClCompile>
    <ClCompile Include="src\Intro\Log.cpp">
      <Filter>Intro</Filter>
    </ClCompile>
    <ClCompile Include="src\Intro\Renderer\Mesh.cpp">
      <Filter>Intro\Renderer</Filter>
    </ClCompile>
    <ClCompile Include="src\Intro\Renderer\RenderCommand.cpp">
      <Filter>Intro\Renderer</Filter>
    </ClCompile>
    <ClCompile Include="src\Intro\Renderer\RendererLayer.cpp">
      <Filter>Intro\Renderer</Filter>
    </ClCompile>
    <ClCompile Include="src\Intro\Renderer\Shader.cpp">
      <Filter>Intro\Renderer</Filter>
    </ClCompile>
    <ClCompile Include="src\Intro\Renderer\ShapeGenerator.cpp">
      <Filter>Intro\Renderer</Filter>
    </ClCompile>
    <ClCompile Include="src\Intro\Renderer\Texture.cpp">
      <Filter>Intro\Renderer</Filter>
    </ClCompile>
    <ClCompile Include="src\Platform\OpenGL\ImGuiOpenGLRenderer.cpp">
      <Filter>Platform\OpenGL</Filter>
    </ClCompile>
    <ClCompile Include="src\Platform\Windows\WindowsInput.cpp">
      <Filter>Platform\Windows</Filter>
    </ClCompile>
    <ClCompile Include="src\Platform\Windows\WindowsWindow.cpp">
      <Filter>Platform\Windows</Filter>
    </ClCompile>
    <ClCompile Include="src\itrpch.cpp" />
    <ClCompile Include="src\Intro\Renderer\Camears\FreeCamera.cpp" />
    <ClCompile Include="src\Intro\Renderer\Camears\OrbitCamera.cpp" />
  </ItemGroup>
</Project>